github.com/google/go-cmp v0.5.9 h1:O2Tfq5qg4qc4AmwVlvv0oLiVAGB7enBSJ2x2DqQFi38=
github.com/google/go-cmp v0.5.9/go.mod h1:17dUlkBOakJ0+DkrSSNjCkIjxS6bF9zb3elmeNGIjoY=
go.unistack.org/micro-proto/v3 v3.4.1 h1:UTjLSRz2YZuaHk9iSlVqqsA50JQNAEK2ZFboGqtEa9Q=
go.unistack.org/micro-proto/v3 v3.4.1/go.mod h1:okx/cnOhzuCX0ggl/vToatbCupi0O44diiiLLsZ93Zo=
go.unistack.org/micro/v3 v3.10.42 h1:A0nA6WT6wNq5fyQyzliX70Bj5/SGj5kadLSOySX4hro=
go.unistack.org/micro/v3 v3.10.42/go.mod h1:CSmEf5ddmft94MyKHnUSMM0W5dpmmTVbgImbgQWV5Ak=
google.golang.org/protobuf v1.33.0 h1:uNO2rsAINq/JlFpSdYEKIZ0uKD/R9cpdv0T+yoGwGmI=
google.golang.org/protobuf v1.33.0/go.mod h1:c6P6GXX6sHbq/GpV6MGZEdwhWPcYBgnhAHhKbcUYpos=
